# This file is autogenerated, do not edit; changes may be undone by the next 'dep ensure'.


[[projects]]
  branch = "master"
  name = "github.com/armon/go-radix"
  packages = ["."]
  revision = "4239b77079c7b5d1243b7b4736304ce8ddb6f0f2"

[[projects]]
  branch = "master"
  name = "github.com/bgentry/speakeasy"
  packages = ["."]
  revision = "4aabc24848ce5fd31929f7d1e4ea74d3709c14cd"

[[projects]]
  name = "github.com/fhs/go-netrc"
  packages = ["netrc"]
  revision = "4ffed54ee5c32ebfb1b8c7c72fc90bb08dc3ff43"
  version = "v1.0.0"

[[projects]]
  branch = "master"
  name = "github.com/jingweno/go-sawyer"
  packages = [".","hypermedia","mediaheader","mediatype"]
  revision = "1999ae5763d678f3ce1112cf1fda7c7e9cf2aadf"

[[projects]]
  name = "github.com/jtacoma/uritemplates"
  packages = ["."]
  revision = "307ae868f90f4ee1b73ebe4596e0394237dacce8"
  version = "v1.0.0"

[[projects]]
  name = "github.com/mattn/go-isatty"
  packages = ["."]
  revision = "fc9e8d8ef48496124e79ae0df75490096eccf6fe"
  version = "v0.0.2"

[[projects]]
  branch = "master"
  name = "github.com/mitchellh/cli"
  packages = ["."]
  revision = "b481eac70eea3ad671b7c360a013f89bb759b252"

[[projects]]
  branch = "master"
  name = "github.com/octokit/go-octokit"
  packages = ["octokit"]
  revision = "812e91dfbd64051c1ec72c48feda0278727e8a4e"

[[projects]]
  branch = "master"
  name = "golang.org/x/sys"
  packages = ["unix"]
  revision = "0b25a408a50076fbbcae6b7ac0ea5fbb0b085e79"

[solve-meta]
  analyzer-name = "dep"
  analyzer-version = 1
  inputs-digest = "51c36768fee722ad1222cbe26e02130002eb7913caaf77ad6d661265bab4f5a8"
  solver-name = "gps-cdcl"
  solver-version = 1
